
Microsoft Visual Studio Solution File, Format Version 12.00
# Visual Studio 15
VisualStudioVersion = 15.0.27004.2005
MinimumVisualStudioVersion = 10.0.40219.1
Project("{FAE04EC0-301F-11D3-BF4B-00C04F79EFBC}") = "Bank.Models", "Bank.Models\Bank.Models.csproj", "{FB60C38A-5012-480F-92D7-34F8DD463440}"
EndProject
Project("{FAE04EC0-301F-11D3-BF4B-00C04F79EFBC}") = "Bank.Services", "Bank.Services\Bank.Services.csproj", "{680937F7-00EF-44A3-AACF-B8F2367586E9}"
EndProject
Project("{FAE04EC0-301F-11D3-BF4B-00C04F79EFBC}") = "Bank.ATMConsole", "Bank.ATMConsole\Bank.ATMConsole.csproj", "{CA4AA5A7-05C6-4DA9-B7D3-1A7A7F3163A6}"
EndProject
Global
	GlobalSection(SolutionConfigurationPlatforms) = preSolution
		Debug|Any CPU = Debug|Any CPU
		Release|Any CPU = Release|Any CPU
	EndGlobalSection
	GlobalSection(ProjectConfigurationPlatforms) = postSolution
		{FB60C38A-5012-480F-92D7-34F8DD463440}.Debug|Any CPU.ActiveCfg = Debug|Any CPU
		{FB60C38A-5012-480F-92D7-34F8DD463440}.Debug|Any CPU.Build.0 = Debug|Any CPU
		{FB60C38A-5012-480F-92D7-34F8DD463440}.Release|Any CPU.ActiveCfg = Release|Any CPU
		{FB60C38A-5012-480F-92D7-34F8DD463440}.Release|Any CPU.Build.0 = Release|Any CPU
		{680937F7-00EF-44A3-AACF-B8F2367586E9}.Debug|Any CPU.ActiveCfg = Debug|Any CPU
		{680937F7-00EF-44A3-AACF-B8F2367586E9}.Debug|Any CPU.Build.0 = Debug|Any CPU
		{680937F7-00EF-44A3-AACF-B8F2367586E9}.Release|Any CPU.ActiveCfg = Release|Any CPU
		{680937F7-00EF-44A3-AACF-B8F2367586E9}.Release|Any CPU.Build.0 = Release|Any CPU
		{CA4AA5A7-05C6-4DA9-B7D3-1A7A7F3163A6}.Debug|Any CPU.ActiveCfg = Debug|Any CPU
		{CA4AA5A7-05C6-4DA9-B7D3-1A7A7F3163A6}.Debug|Any CPU.Build.0 = Debug|Any CPU
		{CA4AA5A7-05C6-4DA9-B7D3-1A7A7F3163A6}.Release|Any CPU.ActiveCfg = Release|Any CPU
		{CA4AA5A7-05C6-4DA9-B7D3-1A7A7F3163A6}.Release|Any CPU.Build.0 = Release|Any CPU
	EndGlobalSection
	GlobalSection(SolutionProperties) = preSolution
		HideSolutionNode = FALSE
	EndGlobalSection
	GlobalSection(ExtensibilityGlobals) = postSolution
		SolutionGuid = {A88AB840-B5EB-4508-AD8E-FD132D654CBF}
	EndGlobalSection
EndGlobal
